PODS:
  - IGListKit (3.0.0):
    - IGListKit/Default (= 3.0.0)
  - IGListKit/Default (3.0.0):
    - IGListKit/Diffing
  - IGListKit/Diffing (3.0.0)

DEPENDENCIES:
  - IGListKit (~> 3.0)

SPEC CHECKSUMS:
  IGListKit: 9eab6856a15fa25ad72018ff9d9eb2178c240fff

PODFILE CHECKSUM: 29da52eb35f831457d3f2ebb4359352a2cf9d7b3

COCOAPODS: 1.1.1
