// !$*UTF8*$!
{
	archiveVersion = 1;
	classes = {
	};
	objectVersion = 46;
	objects = {

/* Begin PBXBuildFile section */
		818662BF1F024E50000539AB /* main.m in Sources */ = {isa = PBXBuildFile; fileRef = 818662BE1F024E50000539AB /* main.m */; };
		818662C21F024E50000539AB /* AppDelegate.m in Sources */ = {isa = PBXBuildFile; fileRef = 818662C11F024E50000539AB /* AppDelegate.m */; };
		818662C81F024E50000539AB /* Main.storyboard in Resources */ = {isa = PBXBuildFile; fileRef = 818662C61F024E50000539AB /* Main.storyboard */; };
		818662CA1F024E50000539AB /* Assets.xcassets in Resources */ = {isa = PBXBuildFile; fileRef = 818662C91F024E50000539AB /* Assets.xcassets */; };
		818662CD1F024E50000539AB /* LaunchScreen.storyboard in Resources */ = {isa = PBXBuildFile; fileRef = 818662CB1F024E50000539AB /* LaunchScreen.storyboard */; };
		818662DA1F025062000539AB /* DemosViewController.m in Sources */ = {isa = PBXBuildFile; fileRef = 818662D91F025062000539AB /* DemosViewController.m */; };
		818662E01F0252EE000539AB /* DemoSectionController.m in Sources */ = {isa = PBXBuildFile; fileRef = 818662DF1F0252EE000539AB /* DemoSectionController.m */; };
		818662E31F0257D9000539AB /* LabelCell.m in Sources */ = {isa = PBXBuildFile; fileRef = 818662E21F0257D9000539AB /* LabelCell.m */; };
		818662E61F026521000539AB /* LoadMoreViewController.m in Sources */ = {isa = PBXBuildFile; fileRef = 818662E51F026521000539AB /* LoadMoreViewController.m */; };
		818662E91F0266E5000539AB /* BaseViewController.m in Sources */ = {isa = PBXBuildFile; fileRef = 818662E81F0266E5000539AB /* BaseViewController.m */; };
		F4A7B370DAC5792C3508845C /* libPods-IGListKitDemo.a in Frameworks */ = {isa = PBXBuildFile; fileRef = CF3A3457B3D1DC4FF33D92AD /* libPods-IGListKitDemo.a */; };
/* End PBXBuildFile section */

/* Begin PBXFileReference section */
		818662BA1F024E50000539AB /* IGListKitDemo.app */ = {isa = PBXFileReference; explicitFileType = wrapper.application; includeInIndex = 0; path = IGListKitDemo.app; sourceTree = BUILT_PRODUCTS_DIR; };
		818662BE1F024E50000539AB /* main.m */ = {isa = PBXFileReference; lastKnownFileType = sourcecode.c.objc; path = main.m; sourceTree = "<group>"; };
		818662C01F024E50000539AB /* AppDelegate.h */ = {isa = PBXFileReference; lastKnownFileType = sourcecode.c.h; path = AppDelegate.h; sourceTree = "<group>"; };
		818662C11F024E50000539AB /* AppDelegate.m */ = {isa = PBXFileReference; lastKnownFileType = sourcecode.c.objc; path = AppDelegate.m; sourceTree = "<group>"; };
		818662C71F024E50000539AB /* Base */ = {isa = PBXFileReference; lastKnownFileType = file.storyboard; name = Base; path = Base.lproj/Main.storyboard; sourceTree = "<group>"; };
		818662C91F024E50000539AB /* Assets.xcassets */ = {isa = PBXFileReference; lastKnownFileType = folder.assetcatalog; path = Assets.xcassets; sourceTree = "<group>"; };
		818662CC1F024E50000539AB /* Base */ = {isa = PBXFileReference; lastKnownFileType = file.storyboard; name = Base; path = Base.lproj/LaunchScreen.storyboard; sourceTree = "<group>"; };
		818662CE1F024E50000539AB /* Info.plist */ = {isa = PBXFileReference; lastKnownFileType = text.plist.xml; path = Info.plist; sourceTree = "<group>"; };
		818662D81F025062000539AB /* DemosViewController.h */ = {isa = PBXFileReference; fileEncoding = 4; lastKnownFileType = sourcecode.c.h; path = DemosViewController.h; sourceTree = "<group>"; };
		818662D91F025062000539AB /* DemosViewController.m */ = {isa = PBXFileReference; fileEncoding = 4; lastKnownFileType = sourcecode.c.objc; path = DemosViewController.m; sourceTree = "<group>"; };
		818662DE1F0252EE000539AB /* DemoSectionController.h */ = {isa = PBXFileReference; fileEncoding = 4; lastKnownFileType = sourcecode.c.h; path = DemoSectionController.h; sourceTree = "<group>"; };
		818662DF1F0252EE000539AB /* DemoSectionController.m */ = {isa = PBXFileReference; fileEncoding = 4; lastKnownFileType = sourcecode.c.objc; path = DemoSectionController.m; sourceTree = "<group>"; };
		818662E11F0257D9000539AB /* LabelCell.h */ = {isa = PBXFileReference; fileEncoding = 4; lastKnownFileType = sourcecode.c.h; path = LabelCell.h; sourceTree = "<group>"; };
		818662E21F0257D9000539AB /* LabelCell.m */ = {isa = PBXFileReference; fileEncoding = 4; lastKnownFileType = sourcecode.c.objc; path = LabelCell.m; sourceTree = "<group>"; };
		818662E41F026521000539AB /* LoadMoreViewController.h */ = {isa = PBXFileReference; fileEncoding = 4; lastKnownFileType = sourcecode.c.h; path = LoadMoreViewController.h; sourceTree = "<group>"; };
		818662E51F026521000539AB /* LoadMoreViewController.m */ = {isa = PBXFileReference; fileEncoding = 4; lastKnownFileType = sourcecode.c.objc; path = LoadMoreViewController.m; sourceTree = "<group>"; };
		818662E71F0266E5000539AB /* BaseViewController.h */ = {isa = PBXFileReference; fileEncoding = 4; lastKnownFileType = sourcecode.c.h; path = BaseViewController.h; sourceTree = "<group>"; };
		818662E81F0266E5000539AB /* BaseViewController.m */ = {isa = PBXFileReference; fileEncoding = 4; lastKnownFileType = sourcecode.c.objc; path = BaseViewController.m; sourceTree = "<group>"; };
		88C63C68C46CCEB4A397DF55 /* Pods-IGListKitDemo.release.xcconfig */ = {isa = PBXFileReference; includeInIndex = 1; lastKnownFileType = text.xcconfig; name = "Pods-IGListKitDemo.release.xcconfig"; path = "Pods/Target Support Files/Pods-IGListKitDemo/Pods-IGListKitDemo.release.xcconfig"; sourceTree = "<group>"; };
		902BE52A4F6706E2E1708788 /* Pods-IGListKitDemo.debug.xcconfig */ = {isa = PBXFileReference; includeInIndex = 1; lastKnownFileType = text.xcconfig; name = "Pods-IGListKitDemo.debug.xcconfig"; path = "Pods/Target Support Files/Pods-IGListKitDemo/Pods-IGListKitDemo.debug.xcconfig"; sourceTree = "<group>"; };
		CF3A3457B3D1DC4FF33D92AD /* libPods-IGListKitDemo.a */ = {isa = PBXFileReference; explicitFileType = archive.ar; includeInIndex = 0; path = "libPods-IGListKitDemo.a"; sourceTree = BUILT_PRODUCTS_DIR; };
/* End PBXFileReference section */

/* Begin PBXFrameworksBuildPhase section */
		818662B71F024E50000539AB /* Frameworks */ = {
			isa = PBXFrameworksBuildPhase;
			buildActionMask = 2147483647;
			files = (
				F4A7B370DAC5792C3508845C /* libPods-IGListKitDemo.a in Frameworks */,
			);
			runOnlyForDeploymentPostprocessing = 0;
		};
/* End PBXFrameworksBuildPhase section */

/* Begin PBXGroup section */
		72D5A319C5953D15CAAF8616 /* Pods */ = {
			isa = PBXGroup;
			children = (
				902BE52A4F6706E2E1708788 /* Pods-IGListKitDemo.debug.xcconfig */,
				88C63C68C46CCEB4A397DF55 /* Pods-IGListKitDemo.release.xcconfig */,
			);
			name = Pods;
			sourceTree = "<group>";
		};
		818662B11F024E50000539AB = {
			isa = PBXGroup;
			children = (
				818662D41F02501D000539AB /* Models */,
				818662D51F02501D000539AB /* SectionControllers */,
				818662D61F02501D000539AB /* ViewControllers */,
				818662D71F02501D000539AB /* Views */,
				818662BC1F024E50000539AB /* IGListKitDemo */,
				818662BB1F024E50000539AB /* Products */,
				72D5A319C5953D15CAAF8616 /* Pods */,
				B888684BBD6A7EF8513088C1 /* Frameworks */,
			);
			sourceTree = "<group>";
		};
		818662BB1F024E50000539AB /* Products */ = {
			isa = PBXGroup;
			children = (
				818662BA1F024E50000539AB /* IGListKitDemo.app */,
			);
			name = Products;
			sourceTree = "<group>";
		};
		818662BC1F024E50000539AB /* IGListKitDemo */ = {
			isa = PBXGroup;
			children = (
				818662C01F024E50000539AB /* AppDelegate.h */,
				818662C11F024E50000539AB /* AppDelegate.m */,
				818662C61F024E50000539AB /* Main.storyboard */,
				818662C91F024E50000539AB /* Assets.xcassets */,
				818662CB1F024E50000539AB /* LaunchScreen.storyboard */,
				818662CE1F024E50000539AB /* Info.plist */,
				818662BD1F024E50000539AB /* Supporting Files */,
			);
			path = IGListKitDemo;
			sourceTree = "<group>";
		};
		818662BD1F024E50000539AB /* Supporting Files */ = {
			isa = PBXGroup;
			children = (
				818662BE1F024E50000539AB /* main.m */,
			);
			name = "Supporting Files";
			sourceTree = "<group>";
		};
		818662D41F02501D000539AB /* Models */ = {
			isa = PBXGroup;
			children = (
			);
			path = Models;
			sourceTree = "<group>";
		};
		818662D51F02501D000539AB /* SectionControllers */ = {
			isa = PBXGroup;
			children = (
				818662DE1F0252EE000539AB /* DemoSectionController.h */,
				818662DF1F0252EE000539AB /* DemoSectionController.m */,
			);
			path = SectionControllers;
			sourceTree = "<group>";
		};
		818662D61F02501D000539AB /* ViewControllers */ = {
			isa = PBXGroup;
			children = (
				818662D81F025062000539AB /* DemosViewController.h */,
				818662D91F025062000539AB /* DemosViewController.m */,
				818662E41F026521000539AB /* LoadMoreViewController.h */,
				818662E51F026521000539AB /* LoadMoreViewController.m */,
				818662E71F0266E5000539AB /* BaseViewController.h */,
				818662E81F0266E5000539AB /* BaseViewController.m */,
			);
			path = ViewControllers;
			sourceTree = "<group>";
		};
		818662D71F02501D000539AB /* Views */ = {
			isa = PBXGroup;
			children = (
				818662E11F0257D9000539AB /* LabelCell.h */,
				818662E21F0257D9000539AB /* LabelCell.m */,
			);
			path = Views;
			sourceTree = "<group>";
		};
		B888684BBD6A7EF8513088C1 /* Frameworks */ = {
			isa = PBXGroup;
			children = (
				CF3A3457B3D1DC4FF33D92AD /* libPods-IGListKitDemo.a */,
			);
			name = Frameworks;
			sourceTree = "<group>";
		};
/* End PBXGroup section */

/* Begin PBXNativeTarget section */
		818662B91F024E50000539AB /* IGListKitDemo */ = {
			isa = PBXNativeTarget;
			buildConfigurationList = 818662D11F024E50000539AB /* Build configuration list for PBXNativeTarget "IGListKitDemo" */;
			buildPhases = (
				B4B021FFCF27968EBF72EA2F /* [CP] Check Pods Manifest.lock */,
				818662B61F024E50000539AB /* Sources */,
				818662B71F024E50000539AB /* Frameworks */,
				818662B81F024E50000539AB /* Resources */,
				D31023251344BF3B891EBC0A /* [CP] Embed Pods Frameworks */,
				53B4F43F123213A3E870D31D /* [CP] Copy Pods Resources */,
			);
			buildRules = (
			);
			dependencies = (
			);
			name = IGListKitDemo;
			productName = IGListKitDemo;
			productReference = 818662BA1F024E50000539AB /* IGListKitDemo.app */;
			productType = "com.apple.product-type.application";
		};
/* End PBXNativeTarget section */

/* Begin PBXProject section */
		818662B21F024E50000539AB /* Project object */ = {
			isa = PBXProject;
			attributes = {
				LastUpgradeCheck = 0830;
				ORGANIZATIONNAME = lg;
				TargetAttributes = {
					818662B91F024E50000539AB = {
						CreatedOnToolsVersion = 8.3.2;
						ProvisioningStyle = Automatic;
					};
				};
			};
			buildConfigurationList = 818662B51F024E50000539AB /* Build configuration list for PBXProject "IGListKitDemo" */;
			compatibilityVersion = "Xcode 3.2";
			developmentRegion = English;
			hasScannedForEncodings = 0;
			knownRegions = (
				en,
				Base,
			);
			mainGroup = 818662B11F024E50000539AB;
			productRefGroup = 818662BB1F024E50000539AB /* Products */;
			projectDirPath = "";
			projectRoot = "";
			targets = (
				818662B91F024E50000539AB /* IGListKitDemo */,
			);
		};
/* End PBXProject section */

/* Begin PBXResourcesBuildPhase section */
		818662B81F024E50000539AB /* Resources */ = {
			isa = PBXResourcesBuildPhase;
			buildActionMask = 2147483647;
			files = (
				818662CD1F024E50000539AB /* LaunchScreen.storyboard in Resources */,
				818662CA1F024E50000539AB /* Assets.xcassets in Resources */,
				818662C81F024E50000539AB /* Main.storyboard in Resources */,
			);
			runOnlyForDeploymentPostprocessing = 0;
		};
/* End PBXResourcesBuildPhase section */

/* Begin PBXShellScriptBuildPhase section */
		53B4F43F123213A3E870D31D /* [CP] Copy Pods Resources */ = {
			isa = PBXShellScriptBuildPhase;
			buildActionMask = 2147483647;
			files = (
			);
			inputPaths = (
			);
			name = "[CP] Copy Pods Resources";
			outputPaths = (
			);
			runOnlyForDeploymentPostprocessing = 0;
			shellPath = /bin/sh;
			shellScript = "\"${SRCROOT}/Pods/Target Support Files/Pods-IGListKitDemo/Pods-IGListKitDemo-resources.sh\"\n";
			showEnvVarsInLog = 0;
		};
		B4B021FFCF27968EBF72EA2F /* [CP] Check Pods Manifest.lock */ = {
			isa = PBXShellScriptBuildPhase;
			buildActionMask = 2147483647;
			files = (
			);
			inputPaths = (
			);
			name = "[CP] Check Pods Manifest.lock";
			outputPaths = (
			);
			runOnlyForDeploymentPostprocessing = 0;
			shellPath = /bin/sh;
			shellScript = "diff \"${PODS_ROOT}/../Podfile.lock\" \"${PODS_ROOT}/Manifest.lock\" > /dev/null\nif [ $? != 0 ] ; then\n    # print error to STDERR\n    echo \"error: The sandbox is not in sync with the Podfile.lock. Run 'pod install' or update your CocoaPods installation.\" >&2\n    exit 1\nfi\n";
			showEnvVarsInLog = 0;
		};
		D31023251344BF3B891EBC0A /* [CP] Embed Pods Frameworks */ = {
			isa = PBXShellScriptBuildPhase;
			buildActionMask = 2147483647;
			files = (
			);
			inputPaths = (
			);
			name = "[CP] Embed Pods Frameworks";
			outputPaths = (
			);
			runOnlyForDeploymentPostprocessing = 0;
			shellPath = /bin/sh;
			shellScript = "\"${SRCROOT}/Pods/Target Support Files/Pods-IGListKitDemo/Pods-IGListKitDemo-frameworks.sh\"\n";
			showEnvVarsInLog = 0;
		};
/* End PBXShellScriptBuildPhase section */

/* Begin PBXSourcesBuildPhase section */
		818662B61F024E50000539AB /* Sources */ = {
			isa = PBXSourcesBuildPhase;
			buildActionMask = 2147483647;
			files = (
				818662E31F0257D9000539AB /* LabelCell.m in Sources */,
				818662E01F0252EE000539AB /* DemoSectionController.m in Sources */,
				818662C21F024E50000539AB /* AppDelegate.m in Sources */,
				818662BF1F024E50000539AB /* main.m in Sources */,
				818662DA1F025062000539AB /* DemosViewController.m in Sources */,
				818662E91F0266E5000539AB /* BaseViewController.m in Sources */,
				818662E61F026521000539AB /* LoadMoreViewController.m in Sources */,
			);
			runOnlyForDeploymentPostprocessing = 0;
		};
/* End PBXSourcesBuildPhase section */

/* Begin PBXVariantGroup section */
		818662C61F024E50000539AB /* Main.storyboard */ = {
			isa = PBXVariantGroup;
			children = (
				818662C71F024E50000539AB /* Base */,
			);
			name = Main.storyboard;
			sourceTree = "<group>";
		};
		818662CB1F024E50000539AB /* LaunchScreen.storyboard */ = {
			isa = PBXVariantGroup;
			children = (
				818662CC1F024E50000539AB /* Base */,
			);
			name = LaunchScreen.storyboard;
			sourceTree = "<group>";
		};
/* End PBXVariantGroup section */

/* Begin XCBuildConfiguration section */
		818662CF1F024E50000539AB /* Debug */ = {
			isa = XCBuildConfiguration;
			buildSettings = {
				ALWAYS_SEARCH_USER_PATHS = NO;
				CLANG_ANALYZER_NONNULL = YES;
				CLANG_ANALYZER_NUMBER_OBJECT_CONVERSION = YES_AGGRESSIVE;
				CLANG_CXX_LANGUAGE_STANDARD = "gnu++0x";
				CLANG_CXX_LIBRARY = "libc++";
				CLANG_ENABLE_MODULES = YES;
				CLANG_ENABLE_OBJC_ARC = YES;
				CLANG_WARN_BOOL_CONVERSION = YES;
				CLANG_WARN_CONSTANT_CONVERSION = YES;
				CLANG_WARN_DIRECT_OBJC_ISA_USAGE = YES_ERROR;
				CLANG_WARN_DOCUMENTATION_COMMENTS = YES;
				CLANG_WARN_EMPTY_BODY = YES;
				CLANG_WARN_ENUM_CONVERSION = YES;
				CLANG_WARN_INFINITE_RECURSION = YES;
				CLANG_WARN_INT_CONVERSION = YES;
				CLANG_WARN_OBJC_ROOT_CLASS = YES_ERROR;
				CLANG_WARN_SUSPICIOUS_MOVE = YES;
				CLANG_WARN_UNREACHABLE_CODE = YES;
				CLANG_WARN__DUPLICATE_METHOD_MATCH = YES;
				"CODE_SIGN_IDENTITY[sdk=iphoneos*]" = "iPhone Developer";
				COPY_PHASE_STRIP = NO;
				DEBUG_INFORMATION_FORMAT = dwarf;
				ENABLE_STRICT_OBJC_MSGSEND = YES;
				ENABLE_TESTABILITY = YES;
				GCC_C_LANGUAGE_STANDARD = gnu99;
				GCC_DYNAMIC_NO_PIC = NO;
				GCC_NO_COMMON_BLOCKS = YES;
				GCC_OPTIMIZATION_LEVEL = 0;
				GCC_PREPROCESSOR_DEFINITIONS = (
					"DEBUG=1",
					"$(inherited)",
				);
				GCC_WARN_64_TO_32_BIT_CONVERSION = YES;
				GCC_WARN_ABOUT_RETURN_TYPE = YES_ERROR;
				GCC_WARN_UNDECLARED_SELECTOR = YES;
				GCC_WARN_UNINITIALIZED_AUTOS = YES_AGGRESSIVE;
				GCC_WARN_UNUSED_FUNCTION = YES;
				GCC_WARN_UNUSED_VARIABLE = YES;
				IPHONEOS_DEPLOYMENT_TARGET = 10.3;
				MTL_ENABLE_DEBUG_INFO = YES;
				ONLY_ACTIVE_ARCH = YES;
				SDKROOT = iphoneos;
			};
			name = Debug;
		};
		818662D01F024E50000539AB /* Release */ = {
			isa = XCBuildConfiguration;
			buildSettings = {
				ALWAYS_SEARCH_USER_PATHS = NO;
				CLANG_ANALYZER_NONNULL = YES;
				CLANG_ANALYZER_NUMBER_OBJECT_CONVERSION = YES_AGGRESSIVE;
				CLANG_CXX_LANGUAGE_STANDARD = "gnu++0x";
				CLANG_CXX_LIBRARY = "libc++";
				CLANG_ENABLE_MODULES = YES;
				CLANG_ENABLE_OBJC_ARC = YES;
				CLANG_WARN_BOOL_CONVERSION = YES;
				CLANG_WARN_CONSTANT_CONVERSION = YES;
				CLANG_WARN_DIRECT_OBJC_ISA_USAGE = YES_ERROR;
				CLANG_WARN_DOCUMENTATION_COMMENTS = YES;
				CLANG_WARN_EMPTY_BODY = YES;
				CLANG_WARN_ENUM_CONVERSION = YES;
				CLANG_WARN_INFINITE_RECURSION = YES;
				CLANG_WARN_INT_CONVERSION = YES;
				CLANG_WARN_OBJC_ROOT_CLASS = YES_ERROR;
				CLANG_WARN_SUSPICIOUS_MOVE = YES;
				CLANG_WARN_UNREACHABLE_CODE = YES;
				CLANG_WARN__DUPLICATE_METHOD_MATCH = YES;
				"CODE_SIGN_IDENTITY[sdk=iphoneos*]" = "iPhone Developer";
				COPY_PHASE_STRIP = NO;
				DEBUG_INFORMATION_FORMAT = "dwarf-with-dsym";
				ENABLE_NS_ASSERTIONS = NO;
				ENABLE_STRICT_OBJC_MSGSEND = YES;
				GCC_C_LANGUAGE_STANDARD = gnu99;
				GCC_NO_COMMON_BLOCKS = YES;
				GCC_WARN_64_TO_32_BIT_CONVERSION = YES;
				GCC_WARN_ABOUT_RETURN_TYPE = YES_ERROR;
				GCC_WARN_UNDECLARED_SELECTOR = YES;
				GCC_WARN_UNINITIALIZED_AUTOS = YES_AGGRESSIVE;
				GCC_WARN_UNUSED_FUNCTION = YES;
				GCC_WARN_UNUSED_VARIABLE = YES;
				IPHONEOS_DEPLOYMENT_TARGET = 10.3;
				MTL_ENABLE_DEBUG_INFO = NO;
				SDKROOT = iphoneos;
				VALIDATE_PRODUCT = YES;
			};
			name = Release;
		};
		818662D21F024E50000539AB /* Debug */ = {
			isa = XCBuildConfiguration;
			baseConfigurationReference = 902BE52A4F6706E2E1708788 /* Pods-IGListKitDemo.debug.xcconfig */;
			buildSettings = {
				ASSETCATALOG_COMPILER_APPICON_NAME = AppIcon;
				INFOPLIST_FILE = IGListKitDemo/Info.plist;
				LD_RUNPATH_SEARCH_PATHS = "$(inherited) @executable_path/Frameworks";
				PRODUCT_BUNDLE_IDENTIFIER = com.lg.IGListKitDemo;
				PRODUCT_NAME = "$(TARGET_NAME)";
			};
			name = Debug;
		};
		818662D31F024E50000539AB /* Release */ = {
			isa = XCBuildConfiguration;
			baseConfigurationReference = 88C63C68C46CCEB4A397DF55 /* Pods-IGListKitDemo.release.xcconfig */;
			buildSettings = {
				ASSETCATALOG_COMPILER_APPICON_NAME = AppIcon;
				INFOPLIST_FILE = IGListKitDemo/Info.plist;
				LD_RUNPATH_SEARCH_PATHS = "$(inherited) @executable_path/Frameworks";
				PRODUCT_BUNDLE_IDENTIFIER = com.lg.IGListKitDemo;
				PRODUCT_NAME = "$(TARGET_NAME)";
			};
			name = Release;
		};
/* End XCBuildConfiguration section */

/* Begin XCConfigurationList section */
		818662B51F024E50000539AB /* Build configuration list for PBXProject "IGListKitDemo" */ = {
			isa = XCConfigurationList;
			buildConfigurations = (
				818662CF1F024E50000539AB /* Debug */,
				818662D01F024E50000539AB /* Release */,
			);
			defaultConfigurationIsVisible = 0;
			defaultConfigurationName = Release;
		};
		818662D11F024E50000539AB /* Build configuration list for PBXNativeTarget "IGListKitDemo" */ = {
			isa = XCConfigurationList;
			buildConfigurations = (
				818662D21F024E50000539AB /* Debug */,
				818662D31F024E50000539AB /* Release */,
			);
			defaultConfigurationIsVisible = 0;
			defaultConfigurationName = Release;
		};
/* End XCConfigurationList section */
	};
	rootObject = 818662B21F024E50000539AB /* Project object */;
}
